
Microsoft Visual Studio Solution File, Format Version 12.00
# Visual Studio 15
VisualStudioVersion = 15.0.26730.16
MinimumVisualStudioVersion = 10.0.40219.1
Project("{FAE04EC0-301F-11D3-BF4B-00C04F79EFBC}") = "SeferMirza162803034", "SeferMirza162803034\SeferMirza162803034.csproj", "{385C24A7-D0C4-4436-8082-31A30295B650}"
EndProject
Global
	GlobalSection(SolutionConfigurationPlatforms) = preSolution
		Debug|Any CPU = Debug|Any CPU
		Release|Any CPU = Release|Any CPU
	EndGlobalSection
	GlobalSection(ProjectConfigurationPlatforms) = postSolution
		{385C24A7-D0C4-4436-8082-31A30295B650}.Debug|Any CPU.ActiveCfg = Debug|Any CPU
		{385C24A7-D0C4-4436-8082-31A30295B650}.Debug|Any CPU.Build.0 = Debug|Any CPU
		{385C24A7-D0C4-4436-8082-31A30295B650}.Release|Any CPU.ActiveCfg = Release|Any CPU
		{385C24A7-D0C4-4436-8082-31A30295B650}.Release|Any CPU.Build.0 = Release|Any CPU
	EndGlobalSection
	GlobalSection(SolutionProperties) = preSolution
		HideSolutionNode = FALSE
	EndGlobalSection
	GlobalSection(ExtensibilityGlobals) = postSolution
		SolutionGuid = {21BDC74B-5B09-4CF6-A5CA-DFF18C698345}
	EndGlobalSection
EndGlobal
